
Microsoft Visual Studio Solution File, Format Version 12.00
# Visual Studio Version 17
VisualStudioVersion = 17.4.33213.308
MinimumVisualStudioVersion = 10.0.40219.1
Project("{FAE04EC0-301F-11D3-BF4B-00C04F79EFBC}") = "LabMedicineAPI", "LabMedicineAPI\LabMedicineAPI.csproj", "{AC168FFC-751C-4C5B-BF2B-5C3D8C7DA47D}"
EndProject
Global
	GlobalSection(SolutionConfigurationPlatforms) = preSolution
		Debug|Any CPU = Debug|Any CPU
		Release|Any CPU = Release|Any CPU
	EndGlobalSection
	GlobalSection(ProjectConfigurationPlatforms) = postSolution
		{AC168FFC-751C-4C5B-BF2B-5C3D8C7DA47D}.Debug|Any CPU.ActiveCfg = Debug|Any CPU
		{AC168FFC-751C-4C5B-BF2B-5C3D8C7DA47D}.Debug|Any CPU.Build.0 = Debug|Any CPU
		{AC168FFC-751C-4C5B-BF2B-5C3D8C7DA47D}.Release|Any CPU.ActiveCfg = Release|Any CPU
		{AC168FFC-751C-4C5B-BF2B-5C3D8C7DA47D}.Release|Any CPU.Build.0 = Release|Any CPU
	EndGlobalSection
	GlobalSection(SolutionProperties) = preSolution
		HideSolutionNode = FALSE
	EndGlobalSection
	GlobalSection(ExtensibilityGlobals) = postSolution
		SolutionGuid = {54352702-B5A9-4CA9-A4CD-2FFF5F591A09}
	EndGlobalSection
EndGlobal
